github.com/kubestaff/web-helper v0.0.5 h1:HUumGX+K1z2B/DWN8H6DWPrsnPY1GDCqgyfJuq3tQSs=
github.com/kubestaff/web-helper v0.0.5/go.mod h1:5baz95gKrAqGmTEx52DjtE+MJNxqk8KEsstzQQUvRe0=
github.com/kubestaff/web-helper v0.0.6 h1:J97JkNEy7/A8oft7zcPr0Nhbwg3qnZT953skrKGd/FA=
github.com/kubestaff/web-helper v0.0.6/go.mod h1:5baz95gKrAqGmTEx52DjtE+MJNxqk8KEsstzQQUvRe0=
