github.com/kubestaff/web-helper v0.0.4 h1:1LuxceDSdjhlhuz46fOZsO9GzU+EuMxCRZfNtD4zlJE=
github.com/kubestaff/web-helper v0.0.4/go.mod h1:5baz95gKrAqGmTEx52DjtE+MJNxqk8KEsstzQQUvRe0=
github.com/kubestaff/web-helper v0.0.5 h1:HUumGX+K1z2B/DWN8H6DWPrsnPY1GDCqgyfJuq3tQSs=
github.com/kubestaff/web-helper v0.0.5/go.mod h1:5baz95gKrAqGmTEx52DjtE+MJNxqk8KEsstzQQUvRe0=
